
Microsoft Visual Studio Solution File, Format Version 12.00
# Visual Studio Version 16
VisualStudioVersion = 16.0.30611.23
MinimumVisualStudioVersion = 10.0.40219.1
Project("{FAE04EC0-301F-11D3-BF4B-00C04F79EFBC}") = "DotNetCoreGitHub", "DotNetCoreGitHub.csproj", "{BBB3D93E-3EFF-46AA-A5EE-2F64124D9340}"
EndProject
Global
	GlobalSection(SolutionConfigurationPlatforms) = preSolution
		Debug|Any CPU = Debug|Any CPU
		Release|Any CPU = Release|Any CPU
	EndGlobalSection
	GlobalSection(ProjectConfigurationPlatforms) = postSolution
		{BBB3D93E-3EFF-46AA-A5EE-2F64124D9340}.Debug|Any CPU.ActiveCfg = Debug|Any CPU
		{BBB3D93E-3EFF-46AA-A5EE-2F64124D9340}.Debug|Any CPU.Build.0 = Debug|Any CPU
		{BBB3D93E-3EFF-46AA-A5EE-2F64124D9340}.Release|Any CPU.ActiveCfg = Release|Any CPU
		{BBB3D93E-3EFF-46AA-A5EE-2F64124D9340}.Release|Any CPU.Build.0 = Release|Any CPU
	EndGlobalSection
	GlobalSection(SolutionProperties) = preSolution
		HideSolutionNode = FALSE
	EndGlobalSection
	GlobalSection(ExtensibilityGlobals) = postSolution
		SolutionGuid = {9A56E3D3-07BA-4D80-8243-C9B1E0C4BED5}
	EndGlobalSection
EndGlobal
